
Microsoft Visual Studio Solution File, Format Version 12.00
# Visual Studio 15
VisualStudioVersion = 15.0.28307.329
MinimumVisualStudioVersion = 10.0.40219.1
Project("{FAE04EC0-301F-11D3-BF4B-00C04F79EFBC}") = "ZadatakNeki", "ZadatakNeki\ZadatakNeki.csproj", "{2EE4BDB6-1FB2-491B-A815-F7B20E53E854}"
EndProject
Global
	GlobalSection(SolutionConfigurationPlatforms) = preSolution
		Debug|Any CPU = Debug|Any CPU
		Release|Any CPU = Release|Any CPU
	EndGlobalSection
	GlobalSection(ProjectConfigurationPlatforms) = postSolution
		{2EE4BDB6-1FB2-491B-A815-F7B20E53E854}.Debug|Any CPU.ActiveCfg = Debug|Any CPU
		{2EE4BDB6-1FB2-491B-A815-F7B20E53E854}.Debug|Any CPU.Build.0 = Debug|Any CPU
		{2EE4BDB6-1FB2-491B-A815-F7B20E53E854}.Release|Any CPU.ActiveCfg = Release|Any CPU
		{2EE4BDB6-1FB2-491B-A815-F7B20E53E854}.Release|Any CPU.Build.0 = Release|Any CPU
	EndGlobalSection
	GlobalSection(SolutionProperties) = preSolution
		HideSolutionNode = FALSE
	EndGlobalSection
	GlobalSection(ExtensibilityGlobals) = postSolution
		SolutionGuid = {484701D5-E66A-4BB7-9AC2-52854C2EEACA}
	EndGlobalSection
EndGlobal
